
Microsoft Visual Studio Solution File, Format Version 12.00
# Visual Studio Version 17
VisualStudioVersion = 17.8.34330.188
MinimumVisualStudioVersion = 10.0.40219.1
Project("{FAE04EC0-301F-11D3-BF4B-00C04F79EFBC}") = "UserRegistration", "UserRegistration\UserRegistration.csproj", "{92DFDAB8-101F-4DD1-9929-C2A2DE0B0D44}"
EndProject
Global
	GlobalSection(SolutionConfigurationPlatforms) = preSolution
		Debug|Any CPU = Debug|Any CPU
		Release|Any CPU = Release|Any CPU
	EndGlobalSection
	GlobalSection(ProjectConfigurationPlatforms) = postSolution
		{92DFDAB8-101F-4DD1-9929-C2A2DE0B0D44}.Debug|Any CPU.ActiveCfg = Debug|Any CPU
		{92DFDAB8-101F-4DD1-9929-C2A2DE0B0D44}.Debug|Any CPU.Build.0 = Debug|Any CPU
		{92DFDAB8-101F-4DD1-9929-C2A2DE0B0D44}.Release|Any CPU.ActiveCfg = Release|Any CPU
		{92DFDAB8-101F-4DD1-9929-C2A2DE0B0D44}.Release|Any CPU.Build.0 = Release|Any CPU
	EndGlobalSection
	GlobalSection(SolutionProperties) = preSolution
		HideSolutionNode = FALSE
	EndGlobalSection
	GlobalSection(ExtensibilityGlobals) = postSolution
		SolutionGuid = {C2FC9B36-F86F-4AEF-A364-35274816D209}
	EndGlobalSection
EndGlobal
