
Microsoft Visual Studio Solution File, Format Version 12.00
# Visual Studio Version 17
VisualStudioVersion = 17.6.33801.468
MinimumVisualStudioVersion = 10.0.40219.1
Project("{FAE04EC0-301F-11D3-BF4B-00C04F79EFBC}") = "WebAPIConsumeBatch1", "WebAPIConsumeBatch1\WebAPIConsumeBatch1.csproj", "{4EFC076A-DB84-4DD1-AC7D-A80B1B7B5D92}"
EndProject
Global
	GlobalSection(SolutionConfigurationPlatforms) = preSolution
		Debug|Any CPU = Debug|Any CPU
		Release|Any CPU = Release|Any CPU
	EndGlobalSection
	GlobalSection(ProjectConfigurationPlatforms) = postSolution
		{4EFC076A-DB84-4DD1-AC7D-A80B1B7B5D92}.Debug|Any CPU.ActiveCfg = Debug|Any CPU
		{4EFC076A-DB84-4DD1-AC7D-A80B1B7B5D92}.Debug|Any CPU.Build.0 = Debug|Any CPU
		{4EFC076A-DB84-4DD1-AC7D-A80B1B7B5D92}.Release|Any CPU.ActiveCfg = Release|Any CPU
		{4EFC076A-DB84-4DD1-AC7D-A80B1B7B5D92}.Release|Any CPU.Build.0 = Release|Any CPU
	EndGlobalSection
	GlobalSection(SolutionProperties) = preSolution
		HideSolutionNode = FALSE
	EndGlobalSection
	GlobalSection(ExtensibilityGlobals) = postSolution
		SolutionGuid = {8134B2E7-DC7B-415C-A5EA-8C58CBE72C8A}
	EndGlobalSection
EndGlobal
